// !$*UTF8*$!
{archiveVersion = 1; classes = {}; objectVersion = 56; objects = {
4DDE1B02B46FB05CF1955EC0 = {isa = PBXFileReference; lastKnownFileType = sourcecode.swift; path = UITests/SmokeTests.swift; sourceTree = "<group>";};
8F69D2603037B23E80BB9FA3 = {isa = PBXBuildFile; fileRef = 4DDE1B02B46FB05CF1955EC0;};
9D3AD977850B7EAC0E4F6585 = {isa = PBXFileReference; explicitFileType = wrapper.cfbundle; path = YuanjingUITests.xctest; sourceTree = BUILT_PRODUCTS_DIR;};
95FC400A54C228DD62344224 = {isa = PBXSourcesBuildPhase; buildActionMask = 2147483647; files = (8F69D2603037B23E80BB9FA3,); runOnlyForDeploymentPostprocessing = 0;};
45BD6CC5770382E638123F86 = {isa = PBXFrameworksBuildPhase; buildActionMask = 2147483647; files = (); runOnlyForDeploymentPostprocessing = 0;};
59CE1A55E3C0DC7EDB1A684D = {isa = XCBuildConfiguration; name = Debug; buildSettings = {PRODUCT_NAME = YuanjingUITests; PRODUCT_BUNDLE_IDENTIFIER = com.yuanjing.record.uitests; GENERATE_INFOPLIST_FILE = YES; TEST_TARGET_NAME = Yuanjing; SWIFT_ACTIVE_COMPILATION_CONDITIONS = "$(inherited) DEBUG";};};
003254340176A76C2BC8F6D4 = {isa = XCBuildConfiguration; name = Release; buildSettings = {PRODUCT_NAME = YuanjingUITests; PRODUCT_BUNDLE_IDENTIFIER = com.yuanjing.record.uitests; GENERATE_INFOPLIST_FILE = YES; TEST_TARGET_NAME = Yuanjing; SWIFT_ACTIVE_COMPILATION_CONDITIONS = "$(inherited) DEBUG";};};
3646145E0A90C6FF41610EFE = {isa = XCConfigurationList; buildConfigurations = (59CE1A55E3C0DC7EDB1A684D,003254340176A76C2BC8F6D4,); defaultConfigurationIsVisible = 0; defaultConfigurationName = Debug;};
5538D6C94541880BC3B9A168 = {isa = PBXContainerItemProxy; containerPortal = 98F54143AB4E86B28C3AFEE0; proxyType = 1; remoteGlobalIDString = 4F6027D858B72CC70E5CC8E9; remoteInfo = Yuanjing;};
B1FB45770585B0E6C098AB54 = {isa = PBXTargetDependency; target = 4F6027D858B72CC70E5CC8E9; targetProxy = 5538D6C94541880BC3B9A168;};
D24B997AF00C71C20D86BE4D = {isa = PBXNativeTarget; buildConfigurationList = 3646145E0A90C6FF41610EFE; buildPhases = (95FC400A54C228DD62344224,45BD6CC5770382E638123F86,); buildRules = (); dependencies = (B1FB45770585B0E6C098AB54,); name = YuanjingUITests; productName = YuanjingUITests; productReference = 9D3AD977850B7EAC0E4F6585; productType = "com.apple.product-type.bundle.ui-testing";};
300FF7DE9A3DE9A15D02376F = {isa = PBXFileReference; lastKnownFileType = sourcecode.swift; path = "Yuanjing/Migration.swift"; sourceTree = "<group>";};
3BFE27E336ABFD83497E406C = {isa = PBXBuildFile; fileRef = 300FF7DE9A3DE9A15D02376F;};
821071EEFA025A6F7BFD2027 = {isa = PBXBuildFile; fileRef = 05FAC94380A70241F23780E7;};
8C622D711A00F22954CD7E29 = {isa = PBXResourcesBuildPhase; buildActionMask = 2147483647; files = (821071EEFA025A6F7BFD2027,); runOnlyForDeploymentPostprocessing = 0;};
8BF4A28E43F6CF370D3EE1C2 = {isa = PBXFileReference; lastKnownFileType = sourcecode.swift; path = "Yuanjing/Models.swift"; sourceTree = "<group>";};
487C502A5481E87001E8CC43 = {isa = PBXBuildFile; fileRef = 8BF4A28E43F6CF370D3EE1C2;};
0991948DBEFEC33CC776D59D = {isa = PBXFileReference; lastKnownFileType = sourcecode.swift; path = "Yuanjing/Store.swift"; sourceTree = "<group>";};
614B4B7697321E24EDE03C80 = {isa = PBXBuildFile; fileRef = 0991948DBEFEC33CC776D59D;};
4411227784337DBB3AE28994 = {isa = PBXFileReference; lastKnownFileType = sourcecode.swift; path = "Yuanjing/App.swift"; sourceTree = "<group>";};
A249DDA19BB41A53BB8F2494 = {isa = PBXBuildFile; fileRef = 4411227784337DBB3AE28994;};
F102D69515A38310D783A659 = {isa = PBXFileReference; lastKnownFileType = sourcecode.swift; path = "Yuanjing/Bowel.swift"; sourceTree = "<group>";};
DF8AA118FD869FEB27273C8C = {isa = PBXBuildFile; fileRef = F102D69515A38310D783A659;};
54CF3CFF2E29CE4CDD5CEE01 = {isa = PBXFileReference; lastKnownFileType = sourcecode.swift; path = YuanjingWidgets/Widgets.swift; sourceTree = "<group>";};
55A98697AD35696A264B14E4 = {isa = PBXBuildFile; fileRef = 54CF3CFF2E29CE4CDD5CEE01;};
05FAC94380A70241F23780E7 = {isa = PBXFileReference; lastKnownFileType = image.jpeg; path = "Yuanjing/honey-atlas.jpg"; sourceTree = "<group>";};
CF8A4D27E1C506A7C75A76BE = {isa = PBXBuildFile; fileRef = 05FAC94380A70241F23780E7;};
E6FC57C251E9E1BEC1D3C0D2 = {isa = PBXFileReference; explicitFileType = wrapper.application; path = Yuanjing.app; sourceTree = BUILT_PRODUCTS_DIR;};
95B78F3264C6F1D1DC21BF93 = {isa = PBXFileReference; explicitFileType = "wrapper.app-extension"; path = YuanjingWidgets.appex; sourceTree = BUILT_PRODUCTS_DIR;};
FBDC4F23F93125BBEEAE800C = {isa = PBXGroup; children = (9D3AD977850B7EAC0E4F6585,E6FC57C251E9E1BEC1D3C0D2,95B78F3264C6F1D1DC21BF93,); name = Products; sourceTree = "<group>";};
B28B7AF69320201D1CF206EB = {isa = PBXGroup; children = (4DDE1B02B46FB05CF1955EC0,300FF7DE9A3DE9A15D02376F,8BF4A28E43F6CF370D3EE1C2,0991948DBEFEC33CC776D59D,4411227784337DBB3AE28994,F102D69515A38310D783A659,54CF3CFF2E29CE4CDD5CEE01,05FAC94380A70241F23780E7,FBDC4F23F93125BBEEAE800C,); sourceTree = "<group>";};
12F228D423625990E510D345 = {isa = PBXSourcesBuildPhase; buildActionMask = 2147483647; files = (3BFE27E336ABFD83497E406C,487C502A5481E87001E8CC43,614B4B7697321E24EDE03C80,A249DDA19BB41A53BB8F2494,DF8AA118FD869FEB27273C8C,); runOnlyForDeploymentPostprocessing = 0;};
17A53D23CD2D26D7B4710DD1 = {isa = PBXSourcesBuildPhase; buildActionMask = 2147483647; files = (55A98697AD35696A264B14E4,); runOnlyForDeploymentPostprocessing = 0;};
0189424A5A60FED329FA868E = {isa = PBXResourcesBuildPhase; buildActionMask = 2147483647; files = (CF8A4D27E1C506A7C75A76BE,); runOnlyForDeploymentPostprocessing = 0;};
CEF439E78636CDAB99CD2923 = {isa = PBXFrameworksBuildPhase; buildActionMask = 2147483647; files = (); runOnlyForDeploymentPostprocessing = 0;};
A3E1376AF6B4424AF4E7A9B0 = {isa = PBXFrameworksBuildPhase; buildActionMask = 2147483647; files = (); runOnlyForDeploymentPostprocessing = 0;};
53E5AD58597AD3A37BD24E0B = {isa = PBXBuildFile; fileRef = 95B78F3264C6F1D1DC21BF93; settings = {ATTRIBUTES = (RemoveHeadersOnCopy,);};};
CFFF27C96089B93150F3553B = {isa = PBXCopyFilesBuildPhase; buildActionMask = 2147483647; dstPath = ""; dstSubfolderSpec = 13; files = (53E5AD58597AD3A37BD24E0B,); name = "Embed App Extensions"; runOnlyForDeploymentPostprocessing = 0;};
89E1FD6268CC0F221A2BE178 = {isa = XCBuildConfiguration; name = Debug; buildSettings = {SDKROOT = iphoneos; IPHONEOS_DEPLOYMENT_TARGET = 17.0; SWIFT_VERSION = 5.0; CLANG_ENABLE_MODULES = YES; TARGETED_DEVICE_FAMILY = "1"; CODE_SIGN_STYLE = Automatic; SWIFT_OPTIMIZATION_LEVEL = "-Onone"; SWIFT_ACTIVE_COMPILATION_CONDITIONS = "$(inherited) DEBUG";};};
E6DE6C99132752C914FEF632 = {isa = XCBuildConfiguration; name = Release; buildSettings = {SDKROOT = iphoneos; IPHONEOS_DEPLOYMENT_TARGET = 17.0; SWIFT_VERSION = 5.0; CLANG_ENABLE_MODULES = YES; TARGETED_DEVICE_FAMILY = "1"; CODE_SIGN_STYLE = Automatic; SWIFT_COMPILATION_MODE = wholemodule; SWIFT_OPTIMIZATION_LEVEL = "-O";};};
862894B703A6DEDF96A9DD6C = {isa = XCConfigurationList; buildConfigurations = (89E1FD6268CC0F221A2BE178,E6DE6C99132752C914FEF632,); defaultConfigurationIsVisible = 0; defaultConfigurationName = Release;};
E9B2E96ABC5F6856F2BE79CF = {isa = XCBuildConfiguration; name = Debug; buildSettings = {PRODUCT_NAME = Yuanjing; PRODUCT_BUNDLE_IDENTIFIER = com.yuanjing.record; INFOPLIST_FILE = Yuanjing/Info.plist; GENERATE_INFOPLIST_FILE = NO; ASSETCATALOG_COMPILER_GENERATE_SWIFT_ASSET_SYMBOL_EXTENSIONS = NO; LD_RUNPATH_SEARCH_PATHS = "$(inherited) @executable_path/Frameworks";SWIFT_OPTIMIZATION_LEVEL = "-Onone"; SWIFT_ACTIVE_COMPILATION_CONDITIONS = "$(inherited) DEBUG";};};
5A8C91857F674E16E2724F47 = {isa = XCBuildConfiguration; name = Release; buildSettings = {PRODUCT_NAME = Yuanjing; PRODUCT_BUNDLE_IDENTIFIER = com.yuanjing.record; INFOPLIST_FILE = Yuanjing/Info.plist; GENERATE_INFOPLIST_FILE = NO; ASSETCATALOG_COMPILER_GENERATE_SWIFT_ASSET_SYMBOL_EXTENSIONS = NO; LD_RUNPATH_SEARCH_PATHS = "$(inherited) @executable_path/Frameworks";SWIFT_COMPILATION_MODE = wholemodule; SWIFT_OPTIMIZATION_LEVEL = "-O";};};
F37922C48DA5978D02C9E50E = {isa = XCConfigurationList; buildConfigurations = (E9B2E96ABC5F6856F2BE79CF,5A8C91857F674E16E2724F47,); defaultConfigurationIsVisible = 0; defaultConfigurationName = Release;};
8EEBAB68363C2B0DAE00DB30 = {isa = XCBuildConfiguration; name = Debug; buildSettings = {PRODUCT_NAME = YuanjingWidgets; PRODUCT_BUNDLE_IDENTIFIER = com.yuanjing.record.widgets; INFOPLIST_FILE = YuanjingWidgets/Info.plist; GENERATE_INFOPLIST_FILE = NO; APPLICATION_EXTENSION_API_ONLY = YES; SKIP_INSTALL = YES; LD_RUNPATH_SEARCH_PATHS = "$(inherited) @executable_path/Frameworks @executable_path/../../Frameworks";SWIFT_OPTIMIZATION_LEVEL = "-Onone"; SWIFT_ACTIVE_COMPILATION_CONDITIONS = "$(inherited) DEBUG";};};
9B3B545F8CBA1ACB550689D3 = {isa = XCBuildConfiguration; name = Release; buildSettings = {PRODUCT_NAME = YuanjingWidgets; PRODUCT_BUNDLE_IDENTIFIER = com.yuanjing.record.widgets; INFOPLIST_FILE = YuanjingWidgets/Info.plist; GENERATE_INFOPLIST_FILE = NO; APPLICATION_EXTENSION_API_ONLY = YES; SKIP_INSTALL = YES; LD_RUNPATH_SEARCH_PATHS = "$(inherited) @executable_path/Frameworks @executable_path/../../Frameworks";SWIFT_COMPILATION_MODE = wholemodule; SWIFT_OPTIMIZATION_LEVEL = "-O";};};
9ED0E5B5BC01E6B082EFBF74 = {isa = XCConfigurationList; buildConfigurations = (8EEBAB68363C2B0DAE00DB30,9B3B545F8CBA1ACB550689D3,); defaultConfigurationIsVisible = 0; defaultConfigurationName = Release;};
5EE42F2E32BE1CF287E9A672 = {isa = PBXNativeTarget; buildConfigurationList = 9ED0E5B5BC01E6B082EFBF74; buildPhases = (17A53D23CD2D26D7B4710DD1,A3E1376AF6B4424AF4E7A9B0,8C622D711A00F22954CD7E29,); buildRules = (); dependencies = (); name = YuanjingWidgets; productName = YuanjingWidgets; productReference = 95B78F3264C6F1D1DC21BF93; productType = "com.apple.product-type.app-extension";};
D799BAE6088A90139B415FCC = {isa = PBXContainerItemProxy; containerPortal = 98F54143AB4E86B28C3AFEE0; proxyType = 1; remoteGlobalIDString = 5EE42F2E32BE1CF287E9A672; remoteInfo = YuanjingWidgets;};
DE58E2B17C19600779694943 = {isa = PBXTargetDependency; target = 5EE42F2E32BE1CF287E9A672; targetProxy = D799BAE6088A90139B415FCC;};
4F6027D858B72CC70E5CC8E9 = {isa = PBXNativeTarget; buildConfigurationList = F37922C48DA5978D02C9E50E; buildPhases = (12F228D423625990E510D345,CEF439E78636CDAB99CD2923,0189424A5A60FED329FA868E,CFFF27C96089B93150F3553B,); buildRules = (); dependencies = (DE58E2B17C19600779694943,); name = Yuanjing; productName = Yuanjing; productReference = E6FC57C251E9E1BEC1D3C0D2; productType = "com.apple.product-type.application";};
98F54143AB4E86B28C3AFEE0 = {isa = PBXProject; attributes = {LastUpgradeCheck = 2630;}; buildConfigurationList = 862894B703A6DEDF96A9DD6C; compatibilityVersion = "Xcode 14.0"; developmentRegion = "zh-Hans"; hasScannedForEncodings = 0; knownRegions = ("zh-Hans",en,Base,); mainGroup = B28B7AF69320201D1CF206EB; productRefGroup = FBDC4F23F93125BBEEAE800C; projectDirPath = ""; projectRoot = ""; targets = (D24B997AF00C71C20D86BE4D,4F6027D858B72CC70E5CC8E9,5EE42F2E32BE1CF287E9A672,);};
}; rootObject = 98F54143AB4E86B28C3AFEE0;}